
Microsoft Visual Studio Solution File, Format Version 12.00
# Visual Studio Version 16
VisualStudioVersion = 16.0.28803.156
MinimumVisualStudioVersion = 10.0.40219.1
Project("{FAE04EC0-301F-11D3-BF4B-00C04F79EFBC}") = "System", "System\System.csproj", "{9190A2BE-E6B8-4BE7-B1E7-C0700370D0C4}"
EndProject
Project("{FAE04EC0-301F-11D3-BF4B-00C04F79EFBC}") = "DAL", "DAL\DAL.csproj", "{62541990-DB49-453D-A110-57D34FA09DED}"
EndProject
Project("{FAE04EC0-301F-11D3-BF4B-00C04F79EFBC}") = "BLL", "BLL\BLL.csproj", "{E376A6A7-5F40-4145-9A68-85E385603488}"
EndProject
Project("{FAE04EC0-301F-11D3-BF4B-00C04F79EFBC}") = "Model", "Model\Model.csproj", "{C0941476-1446-46F0-A692-CCDE6BEE0450}"
EndProject
Project("{FAE04EC0-301F-11D3-BF4B-00C04F79EFBC}") = "Common", "Common\Common.csproj", "{8EDB51D9-269D-42D5-B319-7280AD7C4555}"
EndProject
Global
	GlobalSection(SolutionConfigurationPlatforms) = preSolution
		Debug|Any CPU = Debug|Any CPU
		Release|Any CPU = Release|Any CPU
	EndGlobalSection
	GlobalSection(ProjectConfigurationPlatforms) = postSolution
		{9190A2BE-E6B8-4BE7-B1E7-C0700370D0C4}.Debug|Any CPU.ActiveCfg = Debug|Any CPU
		{9190A2BE-E6B8-4BE7-B1E7-C0700370D0C4}.Debug|Any CPU.Build.0 = Debug|Any CPU
		{9190A2BE-E6B8-4BE7-B1E7-C0700370D0C4}.Release|Any CPU.ActiveCfg = Release|Any CPU
		{9190A2BE-E6B8-4BE7-B1E7-C0700370D0C4}.Release|Any CPU.Build.0 = Release|Any CPU
		{62541990-DB49-453D-A110-57D34FA09DED}.Debug|Any CPU.ActiveCfg = Debug|Any CPU
		{62541990-DB49-453D-A110-57D34FA09DED}.Debug|Any CPU.Build.0 = Debug|Any CPU
		{62541990-DB49-453D-A110-57D34FA09DED}.Release|Any CPU.ActiveCfg = Release|Any CPU
		{62541990-DB49-453D-A110-57D34FA09DED}.Release|Any CPU.Build.0 = Release|Any CPU
		{E376A6A7-5F40-4145-9A68-85E385603488}.Debug|Any CPU.ActiveCfg = Debug|Any CPU
		{E376A6A7-5F40-4145-9A68-85E385603488}.Debug|Any CPU.Build.0 = Debug|Any CPU
		{E376A6A7-5F40-4145-9A68-85E385603488}.Release|Any CPU.ActiveCfg = Release|Any CPU
		{E376A6A7-5F40-4145-9A68-85E385603488}.Release|Any CPU.Build.0 = Release|Any CPU
		{C0941476-1446-46F0-A692-CCDE6BEE0450}.Debug|Any CPU.ActiveCfg = Debug|Any CPU
		{C0941476-1446-46F0-A692-CCDE6BEE0450}.Debug|Any CPU.Build.0 = Debug|Any CPU
		{C0941476-1446-46F0-A692-CCDE6BEE0450}.Release|Any CPU.ActiveCfg = Release|Any CPU
		{C0941476-1446-46F0-A692-CCDE6BEE0450}.Release|Any CPU.Build.0 = Release|Any CPU
		{8EDB51D9-269D-42D5-B319-7280AD7C4555}.Debug|Any CPU.ActiveCfg = Debug|Any CPU
		{8EDB51D9-269D-42D5-B319-7280AD7C4555}.Debug|Any CPU.Build.0 = Debug|Any CPU
		{8EDB51D9-269D-42D5-B319-7280AD7C4555}.Release|Any CPU.ActiveCfg = Release|Any CPU
		{8EDB51D9-269D-42D5-B319-7280AD7C4555}.Release|Any CPU.Build.0 = Release|Any CPU
	EndGlobalSection
	GlobalSection(SolutionProperties) = preSolution
		HideSolutionNode = FALSE
	EndGlobalSection
	GlobalSection(ExtensibilityGlobals) = postSolution
		SolutionGuid = {D6ABD2A1-753B-4D3A-8332-4FA60943C9E0}
	EndGlobalSection
EndGlobal
